{
  "_meta": {
    "file-type": "spack-lockfile",
    "lockfile-version": 3,
    "specfile-version": 2
  },
  "roots": [
    {
      "hash": "jjhk2cyho7h45jznpdotenomgf3y4onk",
      "spec": "chipmunk2d"
    }
  ],
  "concrete_specs": {
    "jjhk2cyho7h45jznpdotenomgf3y4onk": {
      "name": "chipmunk2d",
      "version": "7.0.3",
      "arch": {
        "platform": "linux",
        "platform_os": "ubuntu20.04",
        "target": {
          "name": "skylake",
          "vendor": "GenuineIntel",
          "features": [
            "adx",
            "aes",
            "avx",
            "avx2",
            "bmi1",
            "bmi2",
            "clflushopt",
            "f16c",
            "fma",
            "mmx",
            "movbe",
            "pclmulqdq",
            "popcnt",
            "rdrand",
            "rdseed",
            "sse",
            "sse2",
            "sse4_1",
            "sse4_2",
            "ssse3",
            "xsavec",
            "xsaveopt"
          ],
          "generation": 0,
          "parents": [
            "broadwell"
          ]
        }
      },
      "compiler": {
        "name": "gcc",
        "version": "9.3.0"
      },
      "namespace": "snailpacks",
      "parameters": {
        "build_type": "RelWithDebInfo",
        "ipo": false,
        "cflags": [],
        "cppflags": [],
        "cxxflags": [],
        "fflags": [],
        "ldflags": [],
        "ldlibs": []
      },
      "dependencies": [
        {
          "name": "cmake",
          "build_hash": "gsnawadtbyo3ynolh3ln252e36g7ftvd",
          "type": [
            "build"
          ]
        }
      ],
      "hash": "vydfbeevwkpdtec6zyajigqgi3bg5jal"
    },
    "gsnawadtbyo3ynolh3ln252e36g7ftvd": {
      "name": "cmake",
      "version": "3.21.4",
      "arch": {
        "platform": "linux",
        "platform_os": "ubuntu20.04",
        "target": {
          "name": "skylake",
          "vendor": "GenuineIntel",
          "features": [
            "adx",
            "aes",
            "avx",
            "avx2",
            "bmi1",
            "bmi2",
            "clflushopt",
            "f16c",
            "fma",
            "mmx",
            "movbe",
            "pclmulqdq",
            "popcnt",
            "rdrand",
            "rdseed",
            "sse",
            "sse2",
            "sse4_1",
            "sse4_2",
            "ssse3",
            "xsavec",
            "xsaveopt"
          ],
          "generation": 0,
          "parents": [
            "broadwell"
          ]
        }
      },
      "compiler": {
        "name": "gcc",
        "version": "9.3.0"
      },
      "namespace": "builtin",
      "parameters": {
        "build_type": "Release",
        "doc": false,
        "ncurses": true,
        "openssl": true,
        "ownlibs": true,
        "qt": false,
        "cflags": [],
        "cppflags": [],
        "cxxflags": [],
        "fflags": [],
        "ldflags": [],
        "ldlibs": []
      },
      "dependencies": [
        {
          "name": "ncurses",
          "build_hash": "2lphm4mbq4uynycwkbvzdxzwbejfjrpj",
          "type": [
            "build",
            "link"
          ]
        },
        {
          "name": "openssl",
          "build_hash": "y5jlawuiybgyoyrxvpdo52ufwwqplpkw",
          "type": [
            "build",
            "link"
          ]
        }
      ],
      "hash": "iu6bt4jhdwcmrlrypnxnbokruzlqzuyd"
    },
    "2lphm4mbq4uynycwkbvzdxzwbejfjrpj": {
      "name": "ncurses",
      "version": "6.2",
      "arch": {
        "platform": "linux",
        "platform_os": "ubuntu20.04",
        "target": {
          "name": "skylake",
          "vendor": "GenuineIntel",
          "features": [
            "adx",
            "aes",
            "avx",
            "avx2",
            "bmi1",
            "bmi2",
            "clflushopt",
            "f16c",
            "fma",
            "mmx",
            "movbe",
            "pclmulqdq",
            "popcnt",
            "rdrand",
            "rdseed",
            "sse",
            "sse2",
            "sse4_1",
            "sse4_2",
            "ssse3",
            "xsavec",
            "xsaveopt"
          ],
          "generation": 0,
          "parents": [
            "broadwell"
          ]
        }
      },
      "compiler": {
        "name": "gcc",
        "version": "9.3.0"
      },
      "namespace": "builtin",
      "parameters": {
        "abi": "none",
        "symlinks": false,
        "termlib": true,
        "cflags": [],
        "cppflags": [],
        "cxxflags": [],
        "fflags": [],
        "ldflags": [],
        "ldlibs": []
      },
      "dependencies": [
        {
          "name": "pkgconf",
          "build_hash": "5bckkoeicca3dtolbeyz6tnnyxwcsfn5",
          "type": [
            "build"
          ]
        }
      ],
      "hash": "5bzr63iqgpogufanleaw2fzjxnzziz67"
    },
    "5bckkoeicca3dtolbeyz6tnnyxwcsfn5": {
      "name": "pkgconf",
      "version": "1.8.0",
      "arch": {
        "platform": "linux",
        "platform_os": "ubuntu20.04",
        "target": {
          "name": "skylake",
          "vendor": "GenuineIntel",
          "features": [
            "adx",
            "aes",
            "avx",
            "avx2",
            "bmi1",
            "bmi2",
            "clflushopt",
            "f16c",
            "fma",
            "mmx",
            "movbe",
            "pclmulqdq",
            "popcnt",
            "rdrand",
            "rdseed",
            "sse",
            "sse2",
            "sse4_1",
            "sse4_2",
            "ssse3",
            "xsavec",
            "xsaveopt"
          ],
          "generation": 0,
          "parents": [
            "broadwell"
          ]
        }
      },
      "compiler": {
        "name": "gcc",
        "version": "9.3.0"
      },
      "namespace": "builtin",
      "parameters": {
        "cflags": [],
        "cppflags": [],
        "cxxflags": [],
        "fflags": [],
        "ldflags": [],
        "ldlibs": []
      },
      "hash": "5bckkoeicca3dtolbeyz6tnnyxwcsfn5"
    },
    "y5jlawuiybgyoyrxvpdo52ufwwqplpkw": {
      "name": "openssl",
      "version": "1.1.1l",
      "arch": {
        "platform": "linux",
        "platform_os": "ubuntu20.04",
        "target": {
          "name": "skylake",
          "vendor": "GenuineIntel",
          "features": [
            "adx",
            "aes",
            "avx",
            "avx2",
            "bmi1",
            "bmi2",
            "clflushopt",
            "f16c",
            "fma",
            "mmx",
            "movbe",
            "pclmulqdq",
            "popcnt",
            "rdrand",
            "rdseed",
            "sse",
            "sse2",
            "sse4_1",
            "sse4_2",
            "ssse3",
            "xsavec",
            "xsaveopt"
          ],
          "generation": 0,
          "parents": [
            "broadwell"
          ]
        }
      },
      "compiler": {
        "name": "gcc",
        "version": "9.3.0"
      },
      "namespace": "builtin",
      "parameters": {
        "certs": "system",
        "docs": false,
        "cflags": [],
        "cppflags": [],
        "cxxflags": [],
        "fflags": [],
        "ldflags": [],
        "ldlibs": []
      },
      "dependencies": [
        {
          "name": "perl",
          "build_hash": "zsgyqtaxar4epxbni37pdi3kpk3h5ocn",
          "type": [
            "build"
          ]
        },
        {
          "name": "zlib",
          "build_hash": "3kmnsdv36qxm3slmcyrb326gkghsp6px",
          "type": [
            "build",
            "link"
          ]
        }
      ],
      "hash": "antishvjbtniecep64dku2cenh7hkonc"
    },
    "zsgyqtaxar4epxbni37pdi3kpk3h5ocn": {
      "name": "perl",
      "version": "5.34.0",
      "arch": {
        "platform": "linux",
        "platform_os": "ubuntu20.04",
        "target": {
          "name": "skylake",
          "vendor": "GenuineIntel",
          "features": [
            "adx",
            "aes",
            "avx",
            "avx2",
            "bmi1",
            "bmi2",
            "clflushopt",
            "f16c",
            "fma",
            "mmx",
            "movbe",
            "pclmulqdq",
            "popcnt",
            "rdrand",
            "rdseed",
            "sse",
            "sse2",
            "sse4_1",
            "sse4_2",
            "ssse3",
            "xsavec",
            "xsaveopt"
          ],
          "generation": 0,
          "parents": [
            "broadwell"
          ]
        }
      },
      "compiler": {
        "name": "gcc",
        "version": "9.3.0"
      },
      "namespace": "builtin",
      "parameters": {
        "cpanm": true,
        "shared": true,
        "threads": true,
        "cflags": [],
        "cppflags": [],
        "cxxflags": [],
        "fflags": [],
        "ldflags": [],
        "ldlibs": []
      },
      "dependencies": [
        {
          "name": "berkeley-db",
          "build_hash": "pdlzkb4o4qsw3nglppv7eqjm7lepqvod",
          "type": [
            "build",
            "link"
          ]
        },
        {
          "name": "bzip2",
          "build_hash": "sgzboek7irz5ksv2xxleawhpll7lqp6g",
          "type": [
            "build",
            "link"
          ]
        },
        {
          "name": "gdbm",
          "build_hash": "l5opbe6cvv7ajns6yz37svmgo2m4sghc",
          "type": [
            "build",
            "link"
          ]
        },
        {
          "name": "zlib",
          "build_hash": "3kmnsdv36qxm3slmcyrb326gkghsp6px",
          "type": [
            "build",
            "link"
          ]
        }
      ],
      "hash": "bvgnm2ejnajpvaruta22d5c24g6qi4zu"
    },
    "pdlzkb4o4qsw3nglppv7eqjm7lepqvod": {
      "name": "berkeley-db",
      "version": "18.1.40",
      "arch": {
        "platform": "linux",
        "platform_os": "ubuntu20.04",
        "target": {
          "name": "skylake",
          "vendor": "GenuineIntel",
          "features": [
            "adx",
            "aes",
            "avx",
            "avx2",
            "bmi1",
            "bmi2",
            "clflushopt",
            "f16c",
            "fma",
            "mmx",
            "movbe",
            "pclmulqdq",
            "popcnt",
            "rdrand",
            "rdseed",
            "sse",
            "sse2",
            "sse4_1",
            "sse4_2",
            "ssse3",
            "xsavec",
            "xsaveopt"
          ],
          "generation": 0,
          "parents": [
            "broadwell"
          ]
        }
      },
      "compiler": {
        "name": "gcc",
        "version": "9.3.0"
      },
      "namespace": "builtin",
      "parameters": {
        "cxx": true,
        "docs": false,
        "patches": [
          "b231fcc4d5cff05e5c3a4814f6a5af0e9a966428dc2176540d2c05aff41de522"
        ],
        "stl": true,
        "cflags": [],
        "cppflags": [],
        "cxxflags": [],
        "fflags": [],
        "ldflags": [],
        "ldlibs": []
      },
      "patches": [
        "b231fcc4d5cff05e5c3a4814f6a5af0e9a966428dc2176540d2c05aff41de522"
      ],
      "hash": "pdlzkb4o4qsw3nglppv7eqjm7lepqvod"
    },
    "sgzboek7irz5ksv2xxleawhpll7lqp6g": {
      "name": "bzip2",
      "version": "1.0.8",
      "arch": {
        "platform": "linux",
        "platform_os": "ubuntu20.04",
        "target": {
          "name": "skylake",
          "vendor": "GenuineIntel",
          "features": [
            "adx",
            "aes",
            "avx",
            "avx2",
            "bmi1",
            "bmi2",
            "clflushopt",
            "f16c",
            "fma",
            "mmx",
            "movbe",
            "pclmulqdq",
            "popcnt",
            "rdrand",
            "rdseed",
            "sse",
            "sse2",
            "sse4_1",
            "sse4_2",
            "ssse3",
            "xsavec",
            "xsaveopt"
          ],
          "generation": 0,
          "parents": [
            "broadwell"
          ]
        }
      },
      "compiler": {
        "name": "gcc",
        "version": "9.3.0"
      },
      "namespace": "builtin",
      "parameters": {
        "debug": false,
        "pic": false,
        "shared": true,
        "cflags": [],
        "cppflags": [],
        "cxxflags": [],
        "fflags": [],
        "ldflags": [],
        "ldlibs": []
      },
      "dependencies": [
        {
          "name": "diffutils",
          "build_hash": "vhwuajizcnpfo2jkjqbo76z4dxjbiyzi",
          "type": [
            "build"
          ]
        }
      ],
      "hash": "doeyikigv6jk4dk6fdxm3cl5j7j465if"
    },
    "vhwuajizcnpfo2jkjqbo76z4dxjbiyzi": {
      "name": "diffutils",
      "version": "3.8",
      "arch": {
        "platform": "linux",
        "platform_os": "ubuntu20.04",
        "target": {
          "name": "skylake",
          "vendor": "GenuineIntel",
          "features": [
            "adx",
            "aes",
            "avx",
            "avx2",
            "bmi1",
            "bmi2",
            "clflushopt",
            "f16c",
            "fma",
            "mmx",
            "movbe",
            "pclmulqdq",
            "popcnt",
            "rdrand",
            "rdseed",
            "sse",
            "sse2",
            "sse4_1",
            "sse4_2",
            "ssse3",
            "xsavec",
            "xsaveopt"
          ],
          "generation": 0,
          "parents": [
            "broadwell"
          ]
        }
      },
      "compiler": {
        "name": "gcc",
        "version": "9.3.0"
      },
      "namespace": "builtin",
      "parameters": {
        "cflags": [],
        "cppflags": [],
        "cxxflags": [],
        "fflags": [],
        "ldflags": [],
        "ldlibs": []
      },
      "dependencies": [
        {
          "name": "libiconv",
          "build_hash": "infpf4xwcb7253odbry6ljjcsat2ksp5",
          "type": [
            "build",
            "link"
          ]
        }
      ],
      "hash": "ae4ve7adrxntd2kafm4xxmeyhrwpzpmg"
    },
    "infpf4xwcb7253odbry6ljjcsat2ksp5": {
      "name": "libiconv",
      "version": "1.16",
      "arch": {
        "platform": "linux",
        "platform_os": "ubuntu20.04",
        "target": {
          "name": "skylake",
          "vendor": "GenuineIntel",
          "features": [
            "adx",
            "aes",
            "avx",
            "avx2",
            "bmi1",
            "bmi2",
            "clflushopt",
            "f16c",
            "fma",
            "mmx",
            "movbe",
            "pclmulqdq",
            "popcnt",
            "rdrand",
            "rdseed",
            "sse",
            "sse2",
            "sse4_1",
            "sse4_2",
            "ssse3",
            "xsavec",
            "xsaveopt"
          ],
          "generation": 0,
          "parents": [
            "broadwell"
          ]
        }
      },
      "compiler": {
        "name": "gcc",
        "version": "9.3.0"
      },
      "namespace": "builtin",
      "parameters": {
        "libs": [
          "shared",
          "static"
        ],
        "cflags": [],
        "cppflags": [],
        "cxxflags": [],
        "fflags": [],
        "ldflags": [],
        "ldlibs": []
      },
      "hash": "infpf4xwcb7253odbry6ljjcsat2ksp5"
    },
    "l5opbe6cvv7ajns6yz37svmgo2m4sghc": {
      "name": "gdbm",
      "version": "1.19",
      "arch": {
        "platform": "linux",
        "platform_os": "ubuntu20.04",
        "target": {
          "name": "skylake",
          "vendor": "GenuineIntel",
          "features": [
            "adx",
            "aes",
            "avx",
            "avx2",
            "bmi1",
            "bmi2",
            "clflushopt",
            "f16c",
            "fma",
            "mmx",
            "movbe",
            "pclmulqdq",
            "popcnt",
            "rdrand",
            "rdseed",
            "sse",
            "sse2",
            "sse4_1",
            "sse4_2",
            "ssse3",
            "xsavec",
            "xsaveopt"
          ],
          "generation": 0,
          "parents": [
            "broadwell"
          ]
        }
      },
      "compiler": {
        "name": "gcc",
        "version": "9.3.0"
      },
      "namespace": "builtin",
      "parameters": {
        "cflags": [],
        "cppflags": [],
        "cxxflags": [],
        "fflags": [],
        "ldflags": [],
        "ldlibs": []
      },
      "dependencies": [
        {
          "name": "readline",
          "build_hash": "y2qtng7fushalglpskcsqjmg6v2ocaww",
          "type": [
            "build",
            "link"
          ]
        }
      ],
      "hash": "wuhyaf477mw6nmgftp3gvrxic7qzgpso"
    },
    "y2qtng7fushalglpskcsqjmg6v2ocaww": {
      "name": "readline",
      "version": "8.1",
      "arch": {
        "platform": "linux",
        "platform_os": "ubuntu20.04",
        "target": {
          "name": "skylake",
          "vendor": "GenuineIntel",
          "features": [
            "adx",
            "aes",
            "avx",
            "avx2",
            "bmi1",
            "bmi2",
            "clflushopt",
            "f16c",
            "fma",
            "mmx",
            "movbe",
            "pclmulqdq",
            "popcnt",
            "rdrand",
            "rdseed",
            "sse",
            "sse2",
            "sse4_1",
            "sse4_2",
            "ssse3",
            "xsavec",
            "xsaveopt"
          ],
          "generation": 0,
          "parents": [
            "broadwell"
          ]
        }
      },
      "compiler": {
        "name": "gcc",
        "version": "9.3.0"
      },
      "namespace": "builtin",
      "parameters": {
        "cflags": [],
        "cppflags": [],
        "cxxflags": [],
        "fflags": [],
        "ldflags": [],
        "ldlibs": []
      },
      "dependencies": [
        {
          "name": "ncurses",
          "build_hash": "2lphm4mbq4uynycwkbvzdxzwbejfjrpj",
          "type": [
            "build",
            "link"
          ]
        }
      ],
      "hash": "wkga37hicua476jm2bjjmuzufz6h574j"
    },
    "3kmnsdv36qxm3slmcyrb326gkghsp6px": {
      "name": "zlib",
      "version": "1.2.11",
      "arch": {
        "platform": "linux",
        "platform_os": "ubuntu20.04",
        "target": {
          "name": "skylake",
          "vendor": "GenuineIntel",
          "features": [
            "adx",
            "aes",
            "avx",
            "avx2",
            "bmi1",
            "bmi2",
            "clflushopt",
            "f16c",
            "fma",
            "mmx",
            "movbe",
            "pclmulqdq",
            "popcnt",
            "rdrand",
            "rdseed",
            "sse",
            "sse2",
            "sse4_1",
            "sse4_2",
            "ssse3",
            "xsavec",
            "xsaveopt"
          ],
          "generation": 0,
          "parents": [
            "broadwell"
          ]
        }
      },
      "compiler": {
        "name": "gcc",
        "version": "9.3.0"
      },
      "namespace": "builtin",
      "parameters": {
        "optimize": true,
        "pic": true,
        "shared": true,
        "cflags": [],
        "cppflags": [],
        "cxxflags": [],
        "fflags": [],
        "ldflags": [],
        "ldlibs": []
      },
      "hash": "3kmnsdv36qxm3slmcyrb326gkghsp6px"
    }
  }
}